
Microsoft Visual Studio Solution File, Format Version 12.00
# Visual Studio Version 16
VisualStudioVersion = 16.0.29728.190
MinimumVisualStudioVersion = 10.0.40219.1
Project("{FAE04EC0-301F-11D3-BF4B-00C04F79EFBC}") = "StreamReader_Read_method", "StreamReader_Read_method.csproj", "{727E4D85-9FC8-42C6-84C4-F3566F4FEAB1}"
EndProject
Global
	GlobalSection(SolutionConfigurationPlatforms) = preSolution
		Debug|Any CPU = Debug|Any CPU
		Release|Any CPU = Release|Any CPU
	EndGlobalSection
	GlobalSection(ProjectConfigurationPlatforms) = postSolution
		{727E4D85-9FC8-42C6-84C4-F3566F4FEAB1}.Debug|Any CPU.ActiveCfg = Debug|Any CPU
		{727E4D85-9FC8-42C6-84C4-F3566F4FEAB1}.Debug|Any CPU.Build.0 = Debug|Any CPU
		{727E4D85-9FC8-42C6-84C4-F3566F4FEAB1}.Release|Any CPU.ActiveCfg = Release|Any CPU
		{727E4D85-9FC8-42C6-84C4-F3566F4FEAB1}.Release|Any CPU.Build.0 = Release|Any CPU
	EndGlobalSection
	GlobalSection(SolutionProperties) = preSolution
		HideSolutionNode = FALSE
	EndGlobalSection
	GlobalSection(ExtensibilityGlobals) = postSolution
		SolutionGuid = {3C2BB3A1-7900-4BE5-887E-480497E2DE66}
	EndGlobalSection
EndGlobal
